
Microsoft Visual Studio Solution File, Format Version 12.00
# Visual Studio Version 17
VisualStudioVersion = 17.10.34916.146
MinimumVisualStudioVersion = 10.0.40219.1
Project("{FAE04EC0-301F-11D3-BF4B-00C04F79EFBC}") = "TES_FUN2", "TES_FUN2\TES_FUN2.csproj", "{9AAA325E-8783-4503-94FC-923D19B25CC3}"
EndProject
Global
	GlobalSection(SolutionConfigurationPlatforms) = preSolution
		Debug|Any CPU = Debug|Any CPU
		Release|Any CPU = Release|Any CPU
	EndGlobalSection
	GlobalSection(ProjectConfigurationPlatforms) = postSolution
		{9AAA325E-8783-4503-94FC-923D19B25CC3}.Debug|Any CPU.ActiveCfg = Debug|Any CPU
		{9AAA325E-8783-4503-94FC-923D19B25CC3}.Debug|Any CPU.Build.0 = Debug|Any CPU
		{9AAA325E-8783-4503-94FC-923D19B25CC3}.Release|Any CPU.ActiveCfg = Release|Any CPU
		{9AAA325E-8783-4503-94FC-923D19B25CC3}.Release|Any CPU.Build.0 = Release|Any CPU
	EndGlobalSection
	GlobalSection(SolutionProperties) = preSolution
		HideSolutionNode = FALSE
	EndGlobalSection
	GlobalSection(ExtensibilityGlobals) = postSolution
		SolutionGuid = {FBF0D36F-3804-4387-9404-34C9EA5EC3DD}
	EndGlobalSection
EndGlobal
