
Microsoft Visual Studio Solution File, Format Version 12.00
# Visual Studio Version 17
VisualStudioVersion = 17.9.34622.214
MinimumVisualStudioVersion = 10.0.40219.1
Project("{FAE04EC0-301F-11D3-BF4B-00C04F79EFBC}") = "P-Fun-YohCardis", "P-Fun-YohCardis\P-Fun-YohCardis.csproj", "{5591DA90-160E-443C-BC20-1C116CC57305}"
EndProject
Global
	GlobalSection(SolutionConfigurationPlatforms) = preSolution
		Debug|Any CPU = Debug|Any CPU
		Release|Any CPU = Release|Any CPU
	EndGlobalSection
	GlobalSection(ProjectConfigurationPlatforms) = postSolution
		{5591DA90-160E-443C-BC20-1C116CC57305}.Debug|Any CPU.ActiveCfg = Debug|Any CPU
		{5591DA90-160E-443C-BC20-1C116CC57305}.Debug|Any CPU.Build.0 = Debug|Any CPU
		{5591DA90-160E-443C-BC20-1C116CC57305}.Release|Any CPU.ActiveCfg = Release|Any CPU
		{5591DA90-160E-443C-BC20-1C116CC57305}.Release|Any CPU.Build.0 = Release|Any CPU
	EndGlobalSection
	GlobalSection(SolutionProperties) = preSolution
		HideSolutionNode = FALSE
	EndGlobalSection
	GlobalSection(ExtensibilityGlobals) = postSolution
		SolutionGuid = {5173C431-0F1D-402B-8A88-E7DC67AC80A2}
	EndGlobalSection
EndGlobal
